// !$*UTF8*$!
{
	archiveVersion = 1;
	classes = {
	};
	objectVersion = 77;
	objects = {

/* Begin PBXBuildFile section */
		A0B1C2D3E4F5A6B7C8D9E0F3 /* Sparkle in Frameworks */ = {isa = PBXBuildFile; productRef = A0B1C2D3E4F5A6B7C8D9E0F2 /* Sparkle */; };
/* End PBXBuildFile section */

/* Begin PBXContainerItemProxy section */
		680B190C2F3FA6A8007650D7 /* PBXContainerItemProxy */ = {
			isa = PBXContainerItemProxy;
			containerPortal = 680B18F42F3FA6A7007650D7 /* Project object */;
			proxyType = 1;
			remoteGlobalIDString = 680B18FB2F3FA6A7007650D7;
			remoteInfo = VaulType;
		};
		680B19162F3FA6A8007650D7 /* PBXContainerItemProxy */ = {
			isa = PBXContainerItemProxy;
			containerPortal = 680B18F42F3FA6A7007650D7 /* Project object */;
			proxyType = 1;
			remoteGlobalIDString = 680B18FB2F3FA6A7007650D7;
			remoteInfo = VaulType;
		};
/* End PBXContainerItemProxy section */

/* Begin PBXFileReference section */
		680B18FC2F3FA6A7007650D7 /* VaulType.app */ = {isa = PBXFileReference; explicitFileType = wrapper.application; includeInIndex = 0; path = VaulType.app; sourceTree = BUILT_PRODUCTS_DIR; };
		680B190B2F3FA6A8007650D7 /* VaulTypeTests.xctest */ = {isa = PBXFileReference; explicitFileType = wrapper.cfbundle; includeInIndex = 0; path = VaulTypeTests.xctest; sourceTree = BUILT_PRODUCTS_DIR; };
		680B19152F3FA6A8007650D7 /* VaulTypeUITests.xctest */ = {isa = PBXFileReference; explicitFileType = wrapper.cfbundle; includeInIndex = 0; path = VaulTypeUITests.xctest; sourceTree = BUILT_PRODUCTS_DIR; };
/* End PBXFileReference section */

/* Begin PBXFileSystemSynchronizedBuildFileExceptionSet section */
		680B1B032F40B0FE007650D7 /* Exceptions for "VaulType" folder in "VaulType" target */ = {
			isa = PBXFileSystemSynchronizedBuildFileExceptionSet;
			membershipExceptions = (
				Info.plist,
			);
			target = 680B18FB2F3FA6A7007650D7 /* VaulType */;
		};
/* End PBXFileSystemSynchronizedBuildFileExceptionSet section */

/* Begin PBXFileSystemSynchronizedRootGroup section */
		680B18FE2F3FA6A7007650D7 /* VaulType */ = {
			isa = PBXFileSystemSynchronizedRootGroup;
			exceptions = (
				680B1B032F40B0FE007650D7 /* Exceptions for "VaulType" folder in "VaulType" target */,
			);
			path = VaulType;
			sourceTree = "<group>";
		};
		680B190E2F3FA6A8007650D7 /* VaulTypeTests */ = {
			isa = PBXFileSystemSynchronizedRootGroup;
			path = VaulTypeTests;
			sourceTree = "<group>";
		};
		680B19182F3FA6A8007650D7 /* VaulTypeUITests */ = {
			isa = PBXFileSystemSynchronizedRootGroup;
			path = VaulTypeUITests;
			sourceTree = "<group>";
		};
/* End PBXFileSystemSynchronizedRootGroup section */

/* Begin PBXFrameworksBuildPhase section */
		680B18F92F3FA6A7007650D7 /* Frameworks */ = {
			isa = PBXFrameworksBuildPhase;
			buildActionMask = 2147483647;
			files = (
				A0B1C2D3E4F5A6B7C8D9E0F3 /* Sparkle in Frameworks */,
			);
			runOnlyForDeploymentPostprocessing = 0;
		};
		680B19082F3FA6A8007650D7 /* Frameworks */ = {
			isa = PBXFrameworksBuildPhase;
			buildActionMask = 2147483647;
			files = (
			);
			runOnlyForDeploymentPostprocessing = 0;
		};
		680B19122F3FA6A8007650D7 /* Frameworks */ = {
			isa = PBXFrameworksBuildPhase;
			buildActionMask = 2147483647;
			files = (
			);
			runOnlyForDeploymentPostprocessing = 0;
		};
/* End PBXFrameworksBuildPhase section */

/* Begin PBXGroup section */
		680B18F32F3FA6A7007650D7 = {
			isa = PBXGroup;
			children = (
				680B18FE2F3FA6A7007650D7 /* VaulType */,
				680B190E2F3FA6A8007650D7 /* VaulTypeTests */,
				680B19182F3FA6A8007650D7 /* VaulTypeUITests */,
				680B18FD2F3FA6A7007650D7 /* Products */,
			);
			sourceTree = "<group>";
		};
		680B18FD2F3FA6A7007650D7 /* Products */ = {
			isa = PBXGroup;
			children = (
				680B18FC2F3FA6A7007650D7 /* VaulType.app */,
				680B190B2F3FA6A8007650D7 /* VaulTypeTests.xctest */,
				680B19152F3FA6A8007650D7 /* VaulTypeUITests.xctest */,
			);
			name = Products;
			sourceTree = "<group>";
		};
/* End PBXGroup section */

/* Begin PBXNativeTarget section */
		680B18FB2F3FA6A7007650D7 /* VaulType */ = {
			isa = PBXNativeTarget;
			buildConfigurationList = 680B191F2F3FA6A8007650D7 /* Build configuration list for PBXNativeTarget "VaulType" */;
			buildPhases = (
				680B1C012F40C000007650D7 /* Build whisper.cpp */,
				680B1C032F50A000007650D7 /* Build llama.cpp */,
				680B18F82F3FA6A7007650D7 /* Sources */,
				680B18F92F3FA6A7007650D7 /* Frameworks */,
				680B18FA2F3FA6A7007650D7 /* Resources */,
			);
			buildRules = (
			);
			dependencies = (
			);
			fileSystemSynchronizedGroups = (
				680B18FE2F3FA6A7007650D7 /* VaulType */,
			);
			name = VaulType;
			packageProductDependencies = (
				A0B1C2D3E4F5A6B7C8D9E0F2 /* Sparkle */,
			);
			productName = VaulType;
			productReference = 680B18FC2F3FA6A7007650D7 /* VaulType.app */;
			productType = "com.apple.product-type.application";
		};
		680B190A2F3FA6A8007650D7 /* VaulTypeTests */ = {
			isa = PBXNativeTarget;
			buildConfigurationList = 680B19222F3FA6A8007650D7 /* Build configuration list for PBXNativeTarget "VaulTypeTests" */;
			buildPhases = (
				680B19072F3FA6A8007650D7 /* Sources */,
				680B19082F3FA6A8007650D7 /* Frameworks */,
				680B19092F3FA6A8007650D7 /* Resources */,
			);
			buildRules = (
			);
			dependencies = (
				680B190D2F3FA6A8007650D7 /* PBXTargetDependency */,
			);
			fileSystemSynchronizedGroups = (
				680B190E2F3FA6A8007650D7 /* VaulTypeTests */,
			);
			name = VaulTypeTests;
			packageProductDependencies = (
			);
			productName = VaulTypeTests;
			productReference = 680B190B2F3FA6A8007650D7 /* VaulTypeTests.xctest */;
			productType = "com.apple.product-type.bundle.unit-test";
		};
		680B19142F3FA6A8007650D7 /* VaulTypeUITests */ = {
			isa = PBXNativeTarget;
			buildConfigurationList = 680B19252F3FA6A8007650D7 /* Build configuration list for PBXNativeTarget "VaulTypeUITests" */;
			buildPhases = (
				680B19112F3FA6A8007650D7 /* Sources */,
				680B19122F3FA6A8007650D7 /* Frameworks */,
				680B19132F3FA6A8007650D7 /* Resources */,
			);
			buildRules = (
			);
			dependencies = (
				680B19172F3FA6A8007650D7 /* PBXTargetDependency */,
			);
			fileSystemSynchronizedGroups = (
				680B19182F3FA6A8007650D7 /* VaulTypeUITests */,
			);
			name = VaulTypeUITests;
			packageProductDependencies = (
			);
			productName = VaulTypeUITests;
			productReference = 680B19152F3FA6A8007650D7 /* VaulTypeUITests.xctest */;
			productType = "com.apple.product-type.bundle.ui-testing";
		};
/* End PBXNativeTarget section */

/* Begin PBXProject section */
		680B18F42F3FA6A7007650D7 /* Project object */ = {
			isa = PBXProject;
			attributes = {
				BuildIndependentTargetsInParallel = 1;
				LastSwiftUpdateCheck = 2620;
				LastUpgradeCheck = 2620;
				TargetAttributes = {
					680B18FB2F3FA6A7007650D7 = {
						CreatedOnToolsVersion = 26.2;
					};
					680B190A2F3FA6A8007650D7 = {
						CreatedOnToolsVersion = 26.2;
						TestTargetID = 680B18FB2F3FA6A7007650D7;
					};
					680B19142F3FA6A8007650D7 = {
						CreatedOnToolsVersion = 26.2;
						TestTargetID = 680B18FB2F3FA6A7007650D7;
					};
				};
			};
			buildConfigurationList = 680B18F72F3FA6A7007650D7 /* Build configuration list for PBXProject "VaulType" */;
			developmentRegion = en;
			hasScannedForEncodings = 0;
			knownRegions = (
				en,
				Base,
			);
			mainGroup = 680B18F32F3FA6A7007650D7;
			minimizedProjectReferenceProxies = 1;
			packageReferences = (
				A0B1C2D3E4F5A6B7C8D9E0F1 /* XCRemoteSwiftPackageReference "Sparkle" */,
			);
			preferredProjectObjectVersion = 77;
			productRefGroup = 680B18FD2F3FA6A7007650D7 /* Products */;
			projectDirPath = "";
			projectRoot = "";
			targets = (
				680B18FB2F3FA6A7007650D7 /* VaulType */,
				680B190A2F3FA6A8007650D7 /* VaulTypeTests */,
				680B19142F3FA6A8007650D7 /* VaulTypeUITests */,
			);
		};
/* End PBXProject section */

/* Begin PBXResourcesBuildPhase section */
		680B18FA2F3FA6A7007650D7 /* Resources */ = {
			isa = PBXResourcesBuildPhase;
			buildActionMask = 2147483647;
			files = (
			);
			runOnlyForDeploymentPostprocessing = 0;
		};
		680B19092F3FA6A8007650D7 /* Resources */ = {
			isa = PBXResourcesBuildPhase;
			buildActionMask = 2147483647;
			files = (
			);
			runOnlyForDeploymentPostprocessing = 0;
		};
		680B19132F3FA6A8007650D7 /* Resources */ = {
			isa = PBXResourcesBuildPhase;
			buildActionMask = 2147483647;
			files = (
			);
			runOnlyForDeploymentPostprocessing = 0;
		};
/* End PBXResourcesBuildPhase section */

/* Begin PBXShellScriptBuildPhase section */
		680B1C012F40C000007650D7 /* Build whisper.cpp */ = {
			isa = PBXShellScriptBuildPhase;
			buildActionMask = 2147483647;
			files = (
			);
			inputPaths = (
				"${SRCROOT}/scripts/setup-whisper.sh",
			);
			name = "Build whisper.cpp";
			outputPaths = (
				"${SRCROOT}/vendor/whisper.cpp/build/lib/libwhisper.a",
			);
			runOnlyForDeploymentPostprocessing = 0;
			shellPath = /bin/bash;
			shellScript = "\"${SRCROOT}/scripts/setup-whisper.sh\"\n";
			showEnvVarsInLog = 0;
		};
		680B1C032F50A000007650D7 /* Build llama.cpp */ = {
			isa = PBXShellScriptBuildPhase;
			buildActionMask = 2147483647;
			files = (
			);
			inputPaths = (
				"${SRCROOT}/scripts/setup-llama.sh",
			);
			name = "Build llama.cpp";
			outputPaths = (
				"${SRCROOT}/vendor/llama.cpp/build/lib/libllama.a",
			);
			runOnlyForDeploymentPostprocessing = 0;
			shellPath = /bin/bash;
			shellScript = "\"${SRCROOT}/scripts/setup-llama.sh\"\n";
			showEnvVarsInLog = 0;
		};
/* End PBXShellScriptBuildPhase section */

/* Begin PBXSourcesBuildPhase section */
		680B18F82F3FA6A7007650D7 /* Sources */ = {
			isa = PBXSourcesBuildPhase;
			buildActionMask = 2147483647;
			files = (
			);
			runOnlyForDeploymentPostprocessing = 0;
		};
		680B19072F3FA6A8007650D7 /* Sources */ = {
			isa = PBXSourcesBuildPhase;
			buildActionMask = 2147483647;
			files = (
			);
			runOnlyForDeploymentPostprocessing = 0;
		};
		680B19112F3FA6A8007650D7 /* Sources */ = {
			isa = PBXSourcesBuildPhase;
			buildActionMask = 2147483647;
			files = (
			);
			runOnlyForDeploymentPostprocessing = 0;
		};
/* End PBXSourcesBuildPhase section */

/* Begin PBXTargetDependency section */
		680B190D2F3FA6A8007650D7 /* PBXTargetDependency */ = {
			isa = PBXTargetDependency;
			target = 680B18FB2F3FA6A7007650D7 /* VaulType */;
			targetProxy = 680B190C2F3FA6A8007650D7 /* PBXContainerItemProxy */;
		};
		680B19172F3FA6A8007650D7 /* PBXTargetDependency */ = {
			isa = PBXTargetDependency;
			target = 680B18FB2F3FA6A7007650D7 /* VaulType */;
			targetProxy = 680B19162F3FA6A8007650D7 /* PBXContainerItemProxy */;
		};
/* End PBXTargetDependency section */

/* Begin XCBuildConfiguration section */
		680B191D2F3FA6A8007650D7 /* Debug */ = {
			isa = XCBuildConfiguration;
			buildSettings = {
				ALWAYS_SEARCH_USER_PATHS = NO;
				ASSETCATALOG_COMPILER_GENERATE_SWIFT_ASSET_SYMBOL_EXTENSIONS = YES;
				CLANG_ANALYZER_NONNULL = YES;
				CLANG_ANALYZER_NUMBER_OBJECT_CONVERSION = YES_AGGRESSIVE;
				CLANG_CXX_LANGUAGE_STANDARD = "gnu++20";
				CLANG_ENABLE_MODULES = YES;
				CLANG_ENABLE_OBJC_ARC = YES;
				CLANG_ENABLE_OBJC_WEAK = YES;
				CLANG_WARN_BLOCK_CAPTURE_AUTORELEASING = YES;
				CLANG_WARN_BOOL_CONVERSION = YES;
				CLANG_WARN_COMMA = YES;
				CLANG_WARN_CONSTANT_CONVERSION = YES;
				CLANG_WARN_DEPRECATED_OBJC_IMPLEMENTATIONS = YES;
				CLANG_WARN_DIRECT_OBJC_ISA_USAGE = YES_ERROR;
				CLANG_WARN_DOCUMENTATION_COMMENTS = YES;
				CLANG_WARN_EMPTY_BODY = YES;
				CLANG_WARN_ENUM_CONVERSION = YES;
				CLANG_WARN_INFINITE_RECURSION = YES;
				CLANG_WARN_INT_CONVERSION = YES;
				CLANG_WARN_NON_LITERAL_NULL_CONVERSION = YES;
				CLANG_WARN_OBJC_IMPLICIT_RETAIN_SELF = YES;
				CLANG_WARN_OBJC_LITERAL_CONVERSION = YES;
				CLANG_WARN_OBJC_ROOT_CLASS = YES_ERROR;
				CLANG_WARN_QUOTED_INCLUDE_IN_FRAMEWORK_HEADER = YES;
				CLANG_WARN_RANGE_LOOP_ANALYSIS = YES;
				CLANG_WARN_STRICT_PROTOTYPES = YES;
				CLANG_WARN_SUSPICIOUS_MOVE = YES;
				CLANG_WARN_UNGUARDED_AVAILABILITY = YES_AGGRESSIVE;
				CLANG_WARN_UNREACHABLE_CODE = YES;
				CLANG_WARN__DUPLICATE_METHOD_MATCH = YES;
				COPY_PHASE_STRIP = NO;
				DEBUG_INFORMATION_FORMAT = dwarf;
				DEVELOPMENT_TEAM = __TEAM_ID__;
				ENABLE_STRICT_OBJC_MSGSEND = YES;
				ENABLE_TESTABILITY = YES;
				ENABLE_USER_SCRIPT_SANDBOXING = NO;
				GCC_C_LANGUAGE_STANDARD = gnu17;
				GCC_DYNAMIC_NO_PIC = NO;
				GCC_NO_COMMON_BLOCKS = YES;
				GCC_OPTIMIZATION_LEVEL = 0;
				GCC_PREPROCESSOR_DEFINITIONS = (
					"DEBUG=1",
					"$(inherited)",
				);
				GCC_WARN_64_TO_32_BIT_CONVERSION = YES;
				GCC_WARN_ABOUT_RETURN_TYPE = YES_ERROR;
				GCC_WARN_UNDECLARED_SELECTOR = YES;
				GCC_WARN_UNINITIALIZED_AUTOS = YES_AGGRESSIVE;
				GCC_WARN_UNUSED_FUNCTION = YES;
				GCC_WARN_UNUSED_VARIABLE = YES;
				LOCALIZATION_PREFERS_STRING_CATALOGS = YES;
				MACOSX_DEPLOYMENT_TARGET = 14.0;
				MTL_ENABLE_DEBUG_INFO = INCLUDE_SOURCE;
				MTL_FAST_MATH = YES;
				ONLY_ACTIVE_ARCH = YES;
				SDKROOT = macosx;
				SWIFT_ACTIVE_COMPILATION_CONDITIONS = "DEBUG $(inherited)";
				SWIFT_OPTIMIZATION_LEVEL = "-Onone";
			};
			name = Debug;
		};
		680B191E2F3FA6A8007650D7 /* Release */ = {
			isa = XCBuildConfiguration;
			buildSettings = {
				ALWAYS_SEARCH_USER_PATHS = NO;
				ASSETCATALOG_COMPILER_GENERATE_SWIFT_ASSET_SYMBOL_EXTENSIONS = YES;
				CLANG_ANALYZER_NONNULL = YES;
				CLANG_ANALYZER_NUMBER_OBJECT_CONVERSION = YES_AGGRESSIVE;
				CLANG_CXX_LANGUAGE_STANDARD = "gnu++20";
				CLANG_ENABLE_MODULES = YES;
				CLANG_ENABLE_OBJC_ARC = YES;
				CLANG_ENABLE_OBJC_WEAK = YES;
				CLANG_WARN_BLOCK_CAPTURE_AUTORELEASING = YES;
				CLANG_WARN_BOOL_CONVERSION = YES;
				CLANG_WARN_COMMA = YES;
				CLANG_WARN_CONSTANT_CONVERSION = YES;
				CLANG_WARN_DEPRECATED_OBJC_IMPLEMENTATIONS = YES;
				CLANG_WARN_DIRECT_OBJC_ISA_USAGE = YES_ERROR;
				CLANG_WARN_DOCUMENTATION_COMMENTS = YES;
				CLANG_WARN_EMPTY_BODY = YES;
				CLANG_WARN_ENUM_CONVERSION = YES;
				CLANG_WARN_INFINITE_RECURSION = YES;
				CLANG_WARN_INT_CONVERSION = YES;
				CLANG_WARN_NON_LITERAL_NULL_CONVERSION = YES;
				CLANG_WARN_OBJC_IMPLICIT_RETAIN_SELF = YES;
				CLANG_WARN_OBJC_LITERAL_CONVERSION = YES;
				CLANG_WARN_OBJC_ROOT_CLASS = YES_ERROR;
				CLANG_WARN_QUOTED_INCLUDE_IN_FRAMEWORK_HEADER = YES;
				CLANG_WARN_RANGE_LOOP_ANALYSIS = YES;
				CLANG_WARN_STRICT_PROTOTYPES = YES;
				CLANG_WARN_SUSPICIOUS_MOVE = YES;
				CLANG_WARN_UNGUARDED_AVAILABILITY = YES_AGGRESSIVE;
				CLANG_WARN_UNREACHABLE_CODE = YES;
				CLANG_WARN__DUPLICATE_METHOD_MATCH = YES;
				COPY_PHASE_STRIP = NO;
				DEBUG_INFORMATION_FORMAT = "dwarf-with-dsym";
				DEVELOPMENT_TEAM = __TEAM_ID__;
				ENABLE_NS_ASSERTIONS = NO;
				ENABLE_STRICT_OBJC_MSGSEND = YES;
				ENABLE_USER_SCRIPT_SANDBOXING = NO;
				GCC_C_LANGUAGE_STANDARD = gnu17;
				GCC_NO_COMMON_BLOCKS = YES;
				GCC_WARN_64_TO_32_BIT_CONVERSION = YES;
				GCC_WARN_ABOUT_RETURN_TYPE = YES_ERROR;
				GCC_WARN_UNDECLARED_SELECTOR = YES;
				GCC_WARN_UNINITIALIZED_AUTOS = YES_AGGRESSIVE;
				GCC_WARN_UNUSED_FUNCTION = YES;
				GCC_WARN_UNUSED_VARIABLE = YES;
				LOCALIZATION_PREFERS_STRING_CATALOGS = YES;
				MACOSX_DEPLOYMENT_TARGET = 14.0;
				MTL_ENABLE_DEBUG_INFO = NO;
				MTL_FAST_MATH = YES;
				SDKROOT = macosx;
				SWIFT_COMPILATION_MODE = wholemodule;
			};
			name = Release;
		};
		680B19202F3FA6A8007650D7 /* Debug */ = {
			isa = XCBuildConfiguration;
			buildSettings = {
				ARCHS = arm64;
				ASSETCATALOG_COMPILER_APPICON_NAME = AppIcon;
				ASSETCATALOG_COMPILER_GLOBAL_ACCENT_COLOR_NAME = AccentColor;
				CODE_SIGN_ENTITLEMENTS = VaulType/VaulType.entitlements;
				CODE_SIGN_STYLE = Automatic;
				COMBINE_HIDPI_IMAGES = YES;
				CURRENT_PROJECT_VERSION = 1;
				DEVELOPMENT_TEAM = __TEAM_ID__;
				ENABLE_HARDENED_RUNTIME = YES;
				ENABLE_PREVIEWS = YES;
				ENABLE_USER_SELECTED_FILES = readonly;
				EXCLUDED_SOURCE_FILE_NAMES = .gitkeep;
				GENERATE_INFOPLIST_FILE = YES;
				HEADER_SEARCH_PATHS = (
					"$(SRCROOT)/WhisperKit/Sources/CWhisper/include",
					"$(SRCROOT)/LlamaKit/Sources/CLlama/include",
				);
				INFOPLIST_FILE = VaulType/Info.plist;
				INFOPLIST_KEY_NSHumanReadableCopyright = "";
				LD_RUNPATH_SEARCH_PATHS = (
					"$(inherited)",
					"@executable_path/../Frameworks",
				);
				LIBRARY_SEARCH_PATHS = (
					"$(SRCROOT)/vendor/llama.cpp/build/lib",
					"$(SRCROOT)/vendor/whisper.cpp/build/lib",
				);
				MARKETING_VERSION = 1.0;
				OTHER_LDFLAGS = (
					"-lwhisper",
					"-lllama",
					"-lggml",
					"-lggml-base",
					"-lggml-cpu",
					"-lggml-blas",
					"-lggml-metal",
					"-lc++",
					"-framework",
					Metal,
					"-framework",
					Accelerate,
					"-framework",
					Foundation,
				);
				PRODUCT_BUNDLE_IDENTIFIER = com.vaultype.VaulType;
				PRODUCT_NAME = "$(TARGET_NAME)";
				REGISTER_APP_GROUPS = YES;
				STRING_CATALOG_GENERATE_SYMBOLS = YES;
				SWIFT_APPROACHABLE_CONCURRENCY = YES;
				SWIFT_DEFAULT_ACTOR_ISOLATION = MainActor;
				SWIFT_EMIT_LOC_STRINGS = YES;
				SWIFT_OBJC_BRIDGING_HEADER = "VaulType/VaulType-Bridging-Header.h";
				SWIFT_UPCOMING_FEATURE_MEMBER_IMPORT_VISIBILITY = YES;
				SWIFT_VERSION = 5.0;
			};
			name = Debug;
		};
		680B19212F3FA6A8007650D7 /* Release */ = {
			isa = XCBuildConfiguration;
			buildSettings = {
				ARCHS = arm64;
				ASSETCATALOG_COMPILER_APPICON_NAME = AppIcon;
				ASSETCATALOG_COMPILER_GLOBAL_ACCENT_COLOR_NAME = AccentColor;
				CODE_SIGN_ENTITLEMENTS = VaulType/VaulType.entitlements;
				CODE_SIGN_STYLE = Automatic;
				COMBINE_HIDPI_IMAGES = YES;
				CURRENT_PROJECT_VERSION = 1;
				DEVELOPMENT_TEAM = __TEAM_ID__;
				ENABLE_HARDENED_RUNTIME = YES;
				ENABLE_PREVIEWS = YES;
				ENABLE_USER_SELECTED_FILES = readonly;
				EXCLUDED_SOURCE_FILE_NAMES = .gitkeep;
				GENERATE_INFOPLIST_FILE = YES;
				HEADER_SEARCH_PATHS = (
					"$(SRCROOT)/WhisperKit/Sources/CWhisper/include",
					"$(SRCROOT)/LlamaKit/Sources/CLlama/include",
				);
				INFOPLIST_FILE = VaulType/Info.plist;
				INFOPLIST_KEY_NSHumanReadableCopyright = "";
				LD_RUNPATH_SEARCH_PATHS = (
					"$(inherited)",
					"@executable_path/../Frameworks",
				);
				LIBRARY_SEARCH_PATHS = (
					"$(SRCROOT)/vendor/llama.cpp/build/lib",
					"$(SRCROOT)/vendor/whisper.cpp/build/lib",
				);
				MARKETING_VERSION = 1.0;
				OTHER_LDFLAGS = (
					"-lwhisper",
					"-lllama",
					"-lggml",
					"-lggml-base",
					"-lggml-cpu",
					"-lggml-blas",
					"-lggml-metal",
					"-lc++",
					"-framework",
					Metal,
					"-framework",
					Accelerate,
					"-framework",
					Foundation,
				);
				PRODUCT_BUNDLE_IDENTIFIER = com.vaultype.VaulType;
				PRODUCT_NAME = "$(TARGET_NAME)";
				REGISTER_APP_GROUPS = YES;
				STRING_CATALOG_GENERATE_SYMBOLS = YES;
				SWIFT_APPROACHABLE_CONCURRENCY = YES;
				SWIFT_DEFAULT_ACTOR_ISOLATION = MainActor;
				SWIFT_EMIT_LOC_STRINGS = YES;
				SWIFT_OBJC_BRIDGING_HEADER = "VaulType/VaulType-Bridging-Header.h";
				SWIFT_UPCOMING_FEATURE_MEMBER_IMPORT_VISIBILITY = YES;
				SWIFT_VERSION = 5.0;
			};
			name = Release;
		};
		680B19232F3FA6A8007650D7 /* Debug */ = {
			isa = XCBuildConfiguration;
			buildSettings = {
				BUNDLE_LOADER = "$(TEST_HOST)";
				CODE_SIGN_STYLE = Automatic;
				CURRENT_PROJECT_VERSION = 1;
				DEVELOPMENT_TEAM = __TEAM_ID__;
				GENERATE_INFOPLIST_FILE = YES;
				HEADER_SEARCH_PATHS = (
					"$(SRCROOT)/WhisperKit/Sources/CWhisper/include",
					"$(SRCROOT)/LlamaKit/Sources/CLlama/include",
				);
				MACOSX_DEPLOYMENT_TARGET = 14.0;
				MARKETING_VERSION = 1.0;
				PRODUCT_BUNDLE_IDENTIFIER = com.vaultype.VaulTypeTests;
				PRODUCT_NAME = "$(TARGET_NAME)";
				STRING_CATALOG_GENERATE_SYMBOLS = NO;
				SWIFT_APPROACHABLE_CONCURRENCY = YES;
				SWIFT_EMIT_LOC_STRINGS = NO;
				SWIFT_UPCOMING_FEATURE_MEMBER_IMPORT_VISIBILITY = YES;
				SWIFT_VERSION = 5.0;
				TEST_HOST = "$(BUILT_PRODUCTS_DIR)/VaulType.app/$(BUNDLE_EXECUTABLE_FOLDER_PATH)/VaulType";
			};
			name = Debug;
		};
		680B19242F3FA6A8007650D7 /* Release */ = {
			isa = XCBuildConfiguration;
			buildSettings = {
				BUNDLE_LOADER = "$(TEST_HOST)";
				CODE_SIGN_STYLE = Automatic;
				CURRENT_PROJECT_VERSION = 1;
				DEVELOPMENT_TEAM = __TEAM_ID__;
				GENERATE_INFOPLIST_FILE = YES;
				HEADER_SEARCH_PATHS = (
					"$(SRCROOT)/WhisperKit/Sources/CWhisper/include",
					"$(SRCROOT)/LlamaKit/Sources/CLlama/include",
				);
				MACOSX_DEPLOYMENT_TARGET = 14.0;
				MARKETING_VERSION = 1.0;
				PRODUCT_BUNDLE_IDENTIFIER = com.vaultype.VaulTypeTests;
				PRODUCT_NAME = "$(TARGET_NAME)";
				STRING_CATALOG_GENERATE_SYMBOLS = NO;
				SWIFT_APPROACHABLE_CONCURRENCY = YES;
				SWIFT_EMIT_LOC_STRINGS = NO;
				SWIFT_UPCOMING_FEATURE_MEMBER_IMPORT_VISIBILITY = YES;
				SWIFT_VERSION = 5.0;
				TEST_HOST = "$(BUILT_PRODUCTS_DIR)/VaulType.app/$(BUNDLE_EXECUTABLE_FOLDER_PATH)/VaulType";
			};
			name = Release;
		};
		680B19262F3FA6A8007650D7 /* Debug */ = {
			isa = XCBuildConfiguration;
			buildSettings = {
				CODE_SIGN_STYLE = Automatic;
				CURRENT_PROJECT_VERSION = 1;
				DEVELOPMENT_TEAM = __TEAM_ID__;
				GENERATE_INFOPLIST_FILE = YES;
				MARKETING_VERSION = 1.0;
				PRODUCT_BUNDLE_IDENTIFIER = com.vaultype.VaulTypeUITests;
				PRODUCT_NAME = "$(TARGET_NAME)";
				STRING_CATALOG_GENERATE_SYMBOLS = NO;
				SWIFT_APPROACHABLE_CONCURRENCY = YES;
				SWIFT_EMIT_LOC_STRINGS = NO;
				SWIFT_UPCOMING_FEATURE_MEMBER_IMPORT_VISIBILITY = YES;
				SWIFT_VERSION = 5.0;
				TEST_TARGET_NAME = VaulType;
			};
			name = Debug;
		};
		680B19272F3FA6A8007650D7 /* Release */ = {
			isa = XCBuildConfiguration;
			buildSettings = {
				CODE_SIGN_STYLE = Automatic;
				CURRENT_PROJECT_VERSION = 1;
				DEVELOPMENT_TEAM = __TEAM_ID__;
				GENERATE_INFOPLIST_FILE = YES;
				MARKETING_VERSION = 1.0;
				PRODUCT_BUNDLE_IDENTIFIER = com.vaultype.VaulTypeUITests;
				PRODUCT_NAME = "$(TARGET_NAME)";
				STRING_CATALOG_GENERATE_SYMBOLS = NO;
				SWIFT_APPROACHABLE_CONCURRENCY = YES;
				SWIFT_EMIT_LOC_STRINGS = NO;
				SWIFT_UPCOMING_FEATURE_MEMBER_IMPORT_VISIBILITY = YES;
				SWIFT_VERSION = 5.0;
				TEST_TARGET_NAME = VaulType;
			};
			name = Release;
		};
/* End XCBuildConfiguration section */

/* Begin XCConfigurationList section */
		680B18F72F3FA6A7007650D7 /* Build configuration list for PBXProject "VaulType" */ = {
			isa = XCConfigurationList;
			buildConfigurations = (
				680B191D2F3FA6A8007650D7 /* Debug */,
				680B191E2F3FA6A8007650D7 /* Release */,
			);
			defaultConfigurationIsVisible = 0;
			defaultConfigurationName = Release;
		};
		680B191F2F3FA6A8007650D7 /* Build configuration list for PBXNativeTarget "VaulType" */ = {
			isa = XCConfigurationList;
			buildConfigurations = (
				680B19202F3FA6A8007650D7 /* Debug */,
				680B19212F3FA6A8007650D7 /* Release */,
			);
			defaultConfigurationIsVisible = 0;
			defaultConfigurationName = Release;
		};
		680B19222F3FA6A8007650D7 /* Build configuration list for PBXNativeTarget "VaulTypeTests" */ = {
			isa = XCConfigurationList;
			buildConfigurations = (
				680B19232F3FA6A8007650D7 /* Debug */,
				680B19242F3FA6A8007650D7 /* Release */,
			);
			defaultConfigurationIsVisible = 0;
			defaultConfigurationName = Release;
		};
		680B19252F3FA6A8007650D7 /* Build configuration list for PBXNativeTarget "VaulTypeUITests" */ = {
			isa = XCConfigurationList;
			buildConfigurations = (
				680B19262F3FA6A8007650D7 /* Debug */,
				680B19272F3FA6A8007650D7 /* Release */,
			);
			defaultConfigurationIsVisible = 0;
			defaultConfigurationName = Release;
		};
/* End XCConfigurationList section */

/* Begin XCRemoteSwiftPackageReference section */
		A0B1C2D3E4F5A6B7C8D9E0F1 /* XCRemoteSwiftPackageReference "Sparkle" */ = {
			isa = XCRemoteSwiftPackageReference;
			repositoryURL = "https://github.com/sparkle-project/Sparkle";
			requirement = {
				kind = upToNextMajorVersion;
				minimumVersion = 2.6.0;
			};
		};
/* End XCRemoteSwiftPackageReference section */

/* Begin XCSwiftPackageProductDependency section */
		A0B1C2D3E4F5A6B7C8D9E0F2 /* Sparkle */ = {
			isa = XCSwiftPackageProductDependency;
			package = A0B1C2D3E4F5A6B7C8D9E0F1 /* XCRemoteSwiftPackageReference "Sparkle" */;
			productName = Sparkle;
		};
/* End XCSwiftPackageProductDependency section */
	};
	rootObject = 680B18F42F3FA6A7007650D7 /* Project object */;
}
